
Microsoft Visual Studio Solution File, Format Version 12.00
# Visual Studio Version 17
VisualStudioVersion = 17.7.34024.191
MinimumVisualStudioVersion = 10.0.40219.1
Project("{FAE04EC0-301F-11D3-BF4B-00C04F79EFBC}") = "N10310027_GUI_Class", "N10310027_GUI_Class\N10310027_GUI_Class.csproj", "{B87C4D5F-7185-4798-AA95-DB2CAB118B71}"
EndProject
Global
	GlobalSection(SolutionConfigurationPlatforms) = preSolution
		Debug|Any CPU = Debug|Any CPU
		Release|Any CPU = Release|Any CPU
	EndGlobalSection
	GlobalSection(ProjectConfigurationPlatforms) = postSolution
		{B87C4D5F-7185-4798-AA95-DB2CAB118B71}.Debug|Any CPU.ActiveCfg = Debug|Any CPU
		{B87C4D5F-7185-4798-AA95-DB2CAB118B71}.Debug|Any CPU.Build.0 = Debug|Any CPU
		{B87C4D5F-7185-4798-AA95-DB2CAB118B71}.Release|Any CPU.ActiveCfg = Release|Any CPU
		{B87C4D5F-7185-4798-AA95-DB2CAB118B71}.Release|Any CPU.Build.0 = Release|Any CPU
	EndGlobalSection
	GlobalSection(SolutionProperties) = preSolution
		HideSolutionNode = FALSE
	EndGlobalSection
	GlobalSection(ExtensibilityGlobals) = postSolution
		SolutionGuid = {56A4BFEF-C84C-458E-8F80-007645E184FE}
	EndGlobalSection
EndGlobal
